
Microsoft Visual Studio Solution File, Format Version 12.00
# Visual Studio 15
VisualStudioVersion = 15.0.28010.2048
MinimumVisualStudioVersion = 10.0.40219.1
Project("{FAE04EC0-301F-11D3-BF4B-00C04F79EFBC}") = "AutoResponder", "AutoResponder.csproj", "{BE82A265-E491-4A1B-AE9C-E9AA4DE57CD8}"
EndProject
Global
	GlobalSection(SolutionConfigurationPlatforms) = preSolution
		Debug|Any CPU = Debug|Any CPU
		Release|Any CPU = Release|Any CPU
	EndGlobalSection
	GlobalSection(ProjectConfigurationPlatforms) = postSolution
		{BE82A265-E491-4A1B-AE9C-E9AA4DE57CD8}.Debug|Any CPU.ActiveCfg = Debug|Any CPU
		{BE82A265-E491-4A1B-AE9C-E9AA4DE57CD8}.Debug|Any CPU.Build.0 = Debug|Any CPU
		{BE82A265-E491-4A1B-AE9C-E9AA4DE57CD8}.Release|Any CPU.ActiveCfg = Release|Any CPU
		{BE82A265-E491-4A1B-AE9C-E9AA4DE57CD8}.Release|Any CPU.Build.0 = Release|Any CPU
	EndGlobalSection
	GlobalSection(SolutionProperties) = preSolution
		HideSolutionNode = FALSE
	EndGlobalSection
	GlobalSection(ExtensibilityGlobals) = postSolution
		SolutionGuid = {78D61C85-106A-49D6-919A-65995A229791}
	EndGlobalSection
EndGlobal
